
Microsoft Visual Studio Solution File, Format Version 12.00
# Visual Studio Version 17
VisualStudioVersion = 17.2.32630.192
MinimumVisualStudioVersion = 10.0.40219.1
Project("{FAE04EC0-301F-11D3-BF4B-00C04F79EFBC}") = "PGDTool", "PGDTool.csproj", "{ACB2177A-F84B-4BEB-95D1-6C7813063BCC}"
EndProject
Global
	GlobalSection(SolutionConfigurationPlatforms) = preSolution
		Debug|Any CPU = Debug|Any CPU
		Release|Any CPU = Release|Any CPU
	EndGlobalSection
	GlobalSection(ProjectConfigurationPlatforms) = postSolution
		{ACB2177A-F84B-4BEB-95D1-6C7813063BCC}.Debug|Any CPU.ActiveCfg = Debug|Any CPU
		{ACB2177A-F84B-4BEB-95D1-6C7813063BCC}.Debug|Any CPU.Build.0 = Debug|Any CPU
		{ACB2177A-F84B-4BEB-95D1-6C7813063BCC}.Release|Any CPU.ActiveCfg = Release|Any CPU
		{ACB2177A-F84B-4BEB-95D1-6C7813063BCC}.Release|Any CPU.Build.0 = Release|Any CPU
	EndGlobalSection
	GlobalSection(SolutionProperties) = preSolution
		HideSolutionNode = FALSE
	EndGlobalSection
	GlobalSection(ExtensibilityGlobals) = postSolution
		SolutionGuid = {CBE8523B-B219-4D99-8A10-F5A700E06CF9}
	EndGlobalSection
EndGlobal
